
Microsoft Visual Studio Solution File, Format Version 12.00
# Visual Studio Version 17
VisualStudioVersion = 17.4.33213.308
MinimumVisualStudioVersion = 10.0.40219.1
Project("{FAE04EC0-301F-11D3-BF4B-00C04F79EFBC}") = "RoomLibrary", "RoomLibrary\RoomLibrary.csproj", "{73722221-2EC3-4ED5-B8BF-FAC6E185752D}"
EndProject
Global
	GlobalSection(SolutionConfigurationPlatforms) = preSolution
		Debug|Any CPU = Debug|Any CPU
		Release|Any CPU = Release|Any CPU
	EndGlobalSection
	GlobalSection(ProjectConfigurationPlatforms) = postSolution
		{73722221-2EC3-4ED5-B8BF-FAC6E185752D}.Debug|Any CPU.ActiveCfg = Debug|Any CPU
		{73722221-2EC3-4ED5-B8BF-FAC6E185752D}.Debug|Any CPU.Build.0 = Debug|Any CPU
		{73722221-2EC3-4ED5-B8BF-FAC6E185752D}.Release|Any CPU.ActiveCfg = Release|Any CPU
		{73722221-2EC3-4ED5-B8BF-FAC6E185752D}.Release|Any CPU.Build.0 = Release|Any CPU
	EndGlobalSection
	GlobalSection(SolutionProperties) = preSolution
		HideSolutionNode = FALSE
	EndGlobalSection
	GlobalSection(ExtensibilityGlobals) = postSolution
		SolutionGuid = {6D07FE80-3B54-4E1E-87A1-2ECDF62A1300}
	EndGlobalSection
EndGlobal
